
Microsoft Visual Studio Solution File, Format Version 12.00
# Visual Studio Version 16
VisualStudioVersion = 16.0.32106.194
MinimumVisualStudioVersion = 10.0.40219.1
Project("{FAE04EC0-301F-11D3-BF4B-00C04F79EFBC}") = "my-books", "my-books\my-books.csproj", "{9B819067-4FE9-4139-B441-595DE3E4826C}"
EndProject
Global
	GlobalSection(SolutionConfigurationPlatforms) = preSolution
		Debug|Any CPU = Debug|Any CPU
		Release|Any CPU = Release|Any CPU
	EndGlobalSection
	GlobalSection(ProjectConfigurationPlatforms) = postSolution
		{9B819067-4FE9-4139-B441-595DE3E4826C}.Debug|Any CPU.ActiveCfg = Debug|Any CPU
		{9B819067-4FE9-4139-B441-595DE3E4826C}.Debug|Any CPU.Build.0 = Debug|Any CPU
		{9B819067-4FE9-4139-B441-595DE3E4826C}.Release|Any CPU.ActiveCfg = Release|Any CPU
		{9B819067-4FE9-4139-B441-595DE3E4826C}.Release|Any CPU.Build.0 = Release|Any CPU
	EndGlobalSection
	GlobalSection(SolutionProperties) = preSolution
		HideSolutionNode = FALSE
	EndGlobalSection
	GlobalSection(ExtensibilityGlobals) = postSolution
		SolutionGuid = {9B23883D-5BDB-40DD-9C35-EC42BE58ACE3}
	EndGlobalSection
EndGlobal
